
Microsoft Visual Studio Solution File, Format Version 12.00
# Visual Studio Version 17
VisualStudioVersion = 17.9.34728.123
MinimumVisualStudioVersion = 10.0.40219.1
Project("{FAE04EC0-301F-11D3-BF4B-00C04F79EFBC}") = "MyApps1", "MyApps1\MyApps1.csproj", "{EC58B16A-5086-4C6B-AED0-175900A0E215}"
EndProject
Global
	GlobalSection(SolutionConfigurationPlatforms) = preSolution
		Debug|Any CPU = Debug|Any CPU
		Release|Any CPU = Release|Any CPU
	EndGlobalSection
	GlobalSection(ProjectConfigurationPlatforms) = postSolution
		{EC58B16A-5086-4C6B-AED0-175900A0E215}.Debug|Any CPU.ActiveCfg = Debug|Any CPU
		{EC58B16A-5086-4C6B-AED0-175900A0E215}.Debug|Any CPU.Build.0 = Debug|Any CPU
		{EC58B16A-5086-4C6B-AED0-175900A0E215}.Release|Any CPU.ActiveCfg = Release|Any CPU
		{EC58B16A-5086-4C6B-AED0-175900A0E215}.Release|Any CPU.Build.0 = Release|Any CPU
	EndGlobalSection
	GlobalSection(SolutionProperties) = preSolution
		HideSolutionNode = FALSE
	EndGlobalSection
	GlobalSection(ExtensibilityGlobals) = postSolution
		SolutionGuid = {D7FBC92E-A154-4F0A-BAFA-8F62F27FAD24}
	EndGlobalSection
EndGlobal
